# This file is automatically @generated by Poetry 1.5.1 and should not be changed by hand.

[[package]]
name = "numpy"
version = "1.25.2"
description = "Fundamental package for array computing in Python"
optional = false
python-versions = ">=3.9"
files = [
    {file = "numpy-1.25.2-cp310-cp310-macosx_10_9_x86_64.whl", hash = "sha256:db3ccc4e37a6873045580d413fe79b68e47a681af8db2e046f1dacfa11f86eb3"},
    {file = "numpy-1.25.2-cp310-cp310-macosx_11_0_arm64.whl", hash = "sha256:90319e4f002795ccfc9050110bbbaa16c944b1c37c0baeea43c5fb881693ae1f"},
    {file = "numpy-1.25.2-cp310-cp310-manylinux_2_17_aarch64.manylinux2014_aarch64.whl", hash = "sha256:dfe4a913e29b418d096e696ddd422d8a5d13ffba4ea91f9f60440a3b759b0187"},
    {file = "numpy-1.25.2-cp310-cp310-manylinux_2_17_x86_64.manylinux2014_x86_64.whl", hash = "sha256:f08f2e037bba04e707eebf4bc934f1972a315c883a9e0ebfa8a7756eabf9e357"},
    {file = "numpy-1.25.2-cp310-cp310-musllinux_1_1_x86_64.whl", hash = "sha256:bec1e7213c7cb00d67093247f8c4db156fd03075f49876957dca4711306d39c9"},
    {file = "numpy-1.25.2-cp310-cp310-win32.whl", hash = "sha256:7dc869c0c75988e1c693d0e2d5b26034644399dd929bc049db55395b1379e044"},
    {file = "numpy-1.25.2-cp310-cp310-win_amd64.whl", hash = "sha256:834b386f2b8210dca38c71a6e0f4fd6922f7d3fcff935dbe3a570945acb1b545"},
    {file = "numpy-1.25.2-cp311-cp311-macosx_10_9_x86_64.whl", hash = "sha256:c5462d19336db4560041517dbb7759c21d181a67cb01b36ca109b2ae37d32418"},
    {file = "numpy-1.25.2-cp311-cp311-macosx_11_0_arm64.whl", hash = "sha256:c5652ea24d33585ea39eb6a6a15dac87a1206a692719ff45d53c5282e66d4a8f"},
    {file = "numpy-1.25.2-cp311-cp311-manylinux_2_17_aarch64.manylinux2014_aarch64.whl", hash = "sha256:0d60fbae8e0019865fc4784745814cff1c421df5afee233db6d88ab4f14655a2"},
    {file = "numpy-1.25.2-cp311-cp311-manylinux_2_17_x86_64.manylinux2014_x86_64.whl", hash = "sha256:60e7f0f7f6d0eee8364b9a6304c2845b9c491ac706048c7e8cf47b83123b8dbf"},
    {file = "numpy-1.25.2-cp311-cp311-musllinux_1_1_x86_64.whl", hash = "sha256:bb33d5a1cf360304754913a350edda36d5b8c5331a8237268c48f91253c3a364"},
    {file = "numpy-1.25.2-cp311-cp311-win32.whl", hash = "sha256:5883c06bb92f2e6c8181df7b39971a5fb436288db58b5a1c3967702d4278691d"},
    {file = "numpy-1.25.2-cp311-cp311-win_amd64.whl", hash = "sha256:5c97325a0ba6f9d041feb9390924614b60b99209a71a69c876f71052521d42a4"},
    {file = "numpy-1.25.2-cp39-cp39-macosx_10_9_x86_64.whl", hash = "sha256:b79e513d7aac42ae918db3ad1341a015488530d0bb2a6abcbdd10a3a829ccfd3"},
    {file = "numpy-1.25.2-cp39-cp39-macosx_11_0_arm64.whl", hash = "sha256:eb942bfb6f84df5ce05dbf4b46673ffed0d3da59f13635ea9b926af3deb76926"},
    {file = "numpy-1.25.2-cp39-cp39-manylinux_2_17_aarch64.manylinux2014_aarch64.whl", hash = "sha256:3e0746410e73384e70d286f93abf2520035250aad8c5714240b0492a7302fdca"},
    {file = "numpy-1.25.2-cp39-cp39-manylinux_2_17_x86_64.manylinux2014_x86_64.whl", hash = "sha256:d7806500e4f5bdd04095e849265e55de20d8cc4b661b038957354327f6d9b295"},
    {file = "numpy-1.25.2-cp39-cp39-musllinux_1_1_x86_64.whl", hash = "sha256:8b77775f4b7df768967a7c8b3567e309f617dd5e99aeb886fa14dc1a0791141f"},
    {file = "numpy-1.25.2-cp39-cp39-win32.whl", hash = "sha256:2792d23d62ec51e50ce4d4b7d73de8f67a2fd3ea710dcbc8563a51a03fb07b01"},
    {file = "numpy-1.25.2-cp39-cp39-win_amd64.whl", hash = "sha256:76b4115d42a7dfc5d485d358728cdd8719be33cc5ec6ec08632a5d6fca2ed380"},
    {file = "numpy-1.25.2-pp39-pypy39_pp73-macosx_10_9_x86_64.whl", hash = "sha256:1a1329e26f46230bf77b02cc19e900db9b52f398d6722ca853349a782d4cff55"},
    {file = "numpy-1.25.2-pp39-pypy39_pp73-manylinux_2_17_x86_64.manylinux2014_x86_64.whl", hash = "sha256:4c3abc71e8b6edba80a01a52e66d83c5d14433cbcd26a40c329ec7ed09f37901"},
    {file = "numpy-1.25.2-pp39-pypy39_pp73-win_amd64.whl", hash = "sha256:1b9735c27cea5d995496f46a8b1cd7b408b3f34b6d50459d9ac8fe3a20cc17bf"},
    {file = "numpy-1.25.2.tar.gz", hash = "sha256:fd608e19c8d7c55021dffd43bfe5492fab8cc105cc8986f813f8c3c048b38760"},
]

[[package]]
name = "pygame-ce"
version = "2.3.2"
description = "Python Game Development"
optional = false
python-versions = ">=3.7"
files = [
    {file = "pygame-ce-2.3.2.tar.gz", hash = "sha256:3c54833eb0c3888872aa06a97d8ad4962b28432a3094f809abaf3c0d8f72523d"},
    {file = "pygame_ce-2.3.2-cp310-cp310-macosx_10_11_x86_64.whl", hash = "sha256:e75636b6f9f617ef89350bfe0eab0330be144d8573373a96e21c3f0c1e7e109c"},
    {file = "pygame_ce-2.3.2-cp310-cp310-macosx_11_0_arm64.whl", hash = "sha256:180dc3167c3b9ec93cc2958ab315fe288a02bfa4a1f065604982c969ff4683d1"},
    {file = "pygame_ce-2.3.2-cp310-cp310-manylinux_2_17_aarch64.manylinux2014_aarch64.whl", hash = "sha256:2ae306e01069afc4fc443ad9e9ca7da49ecdd558ec54e6d803fb6762939f153a"},
    {file = "pygame_ce-2.3.2-cp310-cp310-manylinux_2_17_i686.manylinux2014_i686.whl", hash = "sha256:137d5db24d56d9e27313db9e3a118117d0113a3ab1f1509b76ea0f986930a62c"},
    {file = "pygame_ce-2.3.2-cp310-cp310-manylinux_2_17_x86_64.manylinux2014_x86_64.whl", hash = "sha256:8da7209aff46d153fd81e103e1b86c6d92e2926c72a2104f0aa2057fdabc7084"},
    {file = "pygame_ce-2.3.2-cp310-cp310-win32.whl", hash = "sha256:1bcbe5c4b013229154569748dab24b89855895d1319cb091c7a383fb7c481202"},
    {file = "pygame_ce-2.3.2-cp310-cp310-win_amd64.whl", hash = "sha256:4a7c2eb3298f4f8181d4bb64bee256cac2e7dec1fdf1022a4614bf2b9ea2ac5f"},
    {file = "pygame_ce-2.3.2-cp311-cp311-macosx_10_11_x86_64.whl", hash = "sha256:38940db88c4dcec251f47a8e7ec36bacc973aa5595488d9f77704be67d2c4895"},
    {file = "pygame_ce-2.3.2-cp311-cp311-macosx_11_0_arm64.whl", hash = "sha256:c6fc5993ce6e76202c87102706c52710ef4ec13962de6299dbc5ed1187d01a46"},
    {file = "pygame_ce-2.3.2-cp311-cp311-manylinux_2_17_aarch64.manylinux2014_aarch64.whl", hash = "sha256:dffbcf69a12a712b0896604d115eda5d5271c59362e2b47dc1733a6c4df1d28d"},
    {file = "pygame_ce-2.3.2-cp311-cp311-manylinux_2_17_i686.manylinux2014_i686.whl", hash = "sha256:d2c0b2e4bcfac49c8b5fe15bb459149876be931de0befcdbf159e8dcfccf7bcc"},
    {file = "pygame_ce-2.3.2-cp311-cp311-manylinux_2_17_x86_64.manylinux2014_x86_64.whl", hash = "sha256:d557a629dfd589e4aff91d81302d9928c91a5e1d3f7caa8ce1e7891e698acc01"},
    {file = "pygame_ce-2.3.2-cp311-cp311-win32.whl", hash = "sha256:26f252701ef0d15e4939301795a9d3c4b69e769a6f2508fbd9d485c498754000"},
    {file = "pygame_ce-2.3.2-cp311-cp311-win_amd64.whl", hash = "sha256:dacf6d34888411a5fc65fa423079309af694b8cfe8a14e0e3816d5a7e474f2ee"},
    {file = "pygame_ce-2.3.2-cp312-cp312-macosx_10_11_x86_64.whl", hash = "sha256:d6436348a0ba1bcb0841f62c8d92dcc751adbe030e6f0e114ed308ebb4e77143"},
    {file = "pygame_ce-2.3.2-cp312-cp312-macosx_11_0_arm64.whl", hash = "sha256:3c867af21b4fd429f752f0aeb5a0407642f3c0b907c897599e6bba51efe288aa"},
    {file = "pygame_ce-2.3.2-cp312-cp312-manylinux_2_17_aarch64.manylinux2014_aarch64.whl", hash = "sha256:49a553fdf389be2a80b21ba32f5e1e16cdc3d1ed9c136ccb464bca575ba6fa62"},
    {file = "pygame_ce-2.3.2-cp312-cp312-manylinux_2_17_i686.manylinux2014_i686.whl", hash = "sha256:1286f79f09bd307389a8cc8907ee9a3f9033eb228ac7fbd91c63161a6f9b976f"},
    {file = "pygame_ce-2.3.2-cp312-cp312-manylinux_2_17_x86_64.manylinux2014_x86_64.whl", hash = "sha256:d7dae8b852228d7e4ef807a525e6ad05ef5296fa2cc836c9f44ee9ab9ecd2d9f"},
    {file = "pygame_ce-2.3.2-cp312-cp312-win32.whl", hash = "sha256:1f8ac8c60cdc96b0063682312423f01040538ec626e5ab0d1a9e32c689a2a24d"},
    {file = "pygame_ce-2.3.2-cp312-cp312-win_amd64.whl", hash = "sha256:bf6bf5ae5623d7720925dde141ab1e67d4a6a93370e46449b44cfa239f7b450b"},
    {file = "pygame_ce-2.3.2-cp37-cp37m-macosx_10_11_x86_64.whl", hash = "sha256:15795107323ff0c03d8ae6ab6a1e2a20d3cdf14d4a3799da4a2e102f894c76f7"},
    {file = "pygame_ce-2.3.2-cp37-cp37m-manylinux_2_17_aarch64.manylinux2014_aarch64.whl", hash = "sha256:13d3e7488babd4fe976cde0fcf77cc5da86932c00b8f547847433495971e545b"},
    {file = "pygame_ce-2.3.2-cp37-cp37m-manylinux_2_17_i686.manylinux2014_i686.whl", hash = "sha256:d2fc07c0ad56b0c25bc1c5a9df68345dc58344a3990df6f5e2da21884427e434"},
    {file = "pygame_ce-2.3.2-cp37-cp37m-manylinux_2_17_x86_64.manylinux2014_x86_64.whl", hash = "sha256:91a6fb3f702b80ff3431fe04d00206be8526970671418fe411e82e07d94bf217"},
    {file = "pygame_ce-2.3.2-cp37-cp37m-win32.whl", hash = "sha256:9113154f9a7cd03307eebf941b941c83a688f8325d2a9881124a0c716f394bf9"},
    {file = "pygame_ce-2.3.2-cp37-cp37m-win_amd64.whl", hash = "sha256:893a3d3af9ffc2af361b94876c54a1d835cf7ad752f2560d416e9dca9de417f0"},
    {file = "pygame_ce-2.3.2-cp38-cp38-macosx_10_11_x86_64.whl", hash = "sha256:6d72dab6286bca2003c859048fddfa53b001e3a748df01619ea84347290df7ff"},
    {file = "pygame_ce-2.3.2-cp38-cp38-macosx_11_0_arm64.whl", hash = "sha256:0bc99175b139d05a2ed966ac77572dd5becce898e22ab722e1e39b60679d80f1"},
    {file = "pygame_ce-2.3.2-cp38-cp38-manylinux_2_17_aarch64.manylinux2014_aarch64.whl", hash = "sha256:b418f7bfbd9e7114dcd22b2d9bd490d5973610f1e6849a32a1081c6c48715d37"},
    {file = "pygame_ce-2.3.2-cp38-cp38-manylinux_2_17_i686.manylinux2014_i686.whl", hash = "sha256:e71b2b3ca4326ba608303eca76a3abd42d7be50e8c8f60f02829c435778f4509"},
    {file = "pygame_ce-2.3.2-cp38-cp38-manylinux_2_17_x86_64.manylinux2014_x86_64.whl", hash = "sha256:843c653cba80c936ed1761dfa4dd7612c9d7f29d40971047d42dc010e65033d8"},
    {file = "pygame_ce-2.3.2-cp38-cp38-win32.whl", hash = "sha256:b74daa6f7241f3b689d1a1e4da078f95da9d040b96b660c05358f15f0271f038"},
    {file = "pygame_ce-2.3.2-cp38-cp38-win_amd64.whl", hash = "sha256:23f604ee3c1c20bdca0e1df061c9113d1e53c5f34445584fc50e36bf028bfa1b"},
    {file = "pygame_ce-2.3.2-cp39-cp39-macosx_10_11_x86_64.whl", hash = "sha256:4fdd6d8c5a88bc5760725296c7b750772007dc739f51d090ed5bf14dd39c3f79"},
    {file = "pygame_ce-2.3.2-cp39-cp39-macosx_11_0_arm64.whl", hash = "sha256:6bbc13bac6657a42fc2c35eb341833bfe0387de2c4412cb767da2dbe3bb1f5ca"},
    {file = "pygame_ce-2.3.2-cp39-cp39-manylinux_2_17_aarch64.manylinux2014_aarch64.whl", hash = "sha256:895269fdfee4a6eee17888c32bda6a591ac4aea0f683c01fa08be92a82840d0a"},
    {file = "pygame_ce-2.3.2-cp39-cp39-manylinux_2_17_i686.manylinux2014_i686.whl", hash = "sha256:0bb5bb3afa465763d31a642222c40f05c4732169b5b006f4a3eca4be50227cc2"},
    {file = "pygame_ce-2.3.2-cp39-cp39-manylinux_2_17_x86_64.manylinux2014_x86_64.whl", hash = "sha256:4717d68a162dff3972fe9ce4cd19e424bbac42e5c7ec5723a5d61b0a4e4c0c80"},
    {file = "pygame_ce-2.3.2-cp39-cp39-win32.whl", hash = "sha256:7d8acbd28828b81c00876309c04d5d912b0dff5962a6f39af3128934783cefde"},
    {file = "pygame_ce-2.3.2-cp39-cp39-win_amd64.whl", hash = "sha256:1790f0c06c7802d8ceb62155ecea715c9cc408eded2b855dc1bbd2e6600e04d5"},
    {file = "pygame_ce-2.3.2-pp310-pypy310_pp73-macosx_10_11_x86_64.whl", hash = "sha256:42de19027e9cf9d32ee03fc9a2a11def50cc1cd9bc9adebb69cd92385d81b805"},
    {file = "pygame_ce-2.3.2-pp310-pypy310_pp73-manylinux_2_17_aarch64.manylinux2014_aarch64.whl", hash = "sha256:ea298f531eae4611daf9190124335fd7c710f9a9c9a1b10d287d2b87b2c36325"},
    {file = "pygame_ce-2.3.2-pp310-pypy310_pp73-manylinux_2_17_i686.manylinux2014_i686.whl", hash = "sha256:f90b2ced20f783cdc56e9c04877c3c0089f6f9e38dd90b8e92e938463018eddb"},
    {file = "pygame_ce-2.3.2-pp310-pypy310_pp73-manylinux_2_17_x86_64.manylinux2014_x86_64.whl", hash = "sha256:4b1201bb0b02feaa7091da2a892ba1d22b4e0c7a906009bde9513f3cbb39241e"},
    {file = "pygame_ce-2.3.2-pp310-pypy310_pp73-win_amd64.whl", hash = "sha256:d99659973cfba0be879b9e8f64c1a9f389c52ead026af1a06fd19c33461cbce4"},
    {file = "pygame_ce-2.3.2-pp38-pypy38_pp73-macosx_10_11_x86_64.whl", hash = "sha256:4a3b469a20059a26df448837358856080bc694ba9ae33ee09a2711f696f1d4dd"},
    {file = "pygame_ce-2.3.2-pp38-pypy38_pp73-manylinux_2_17_aarch64.manylinux2014_aarch64.whl", hash = "sha256:c83ac8404eeda53131c032aef829cae511b65bcc9040804c33d691c4f2369ba9"},
    {file = "pygame_ce-2.3.2-pp38-pypy38_pp73-manylinux_2_17_i686.manylinux2014_i686.whl", hash = "sha256:6e93a9489616cc2d8a133f8542a14d6d868bb6c9e2c8a2caaf020a6dc09e9e03"},
    {file = "pygame_ce-2.3.2-pp38-pypy38_pp73-manylinux_2_17_x86_64.manylinux2014_x86_64.whl", hash = "sha256:03cb8574c4fc566f2b7a9e5baffe6705b85c49d60b8405fa96238639736e8984"},
    {file = "pygame_ce-2.3.2-pp38-pypy38_pp73-win_amd64.whl", hash = "sha256:639ec06b8dbfd47f2a9de9f30a263f95d68847b071870945a174d8fc6f4a9ef4"},
    {file = "pygame_ce-2.3.2-pp39-pypy39_pp73-macosx_10_11_x86_64.whl", hash = "sha256:4b2b1d27dfc43dade4b329fb3f2d51b6bf20749c427f8640da40c2a2ff9aad63"},
    {file = "pygame_ce-2.3.2-pp39-pypy39_pp73-manylinux_2_17_aarch64.manylinux2014_aarch64.whl", hash = "sha256:11b1f2c189b6ab9ef44e8ae2a766ffcd3e591f9e12a4d41fc522ffa4467c2f8f"},
    {file = "pygame_ce-2.3.2-pp39-pypy39_pp73-manylinux_2_17_i686.manylinux2014_i686.whl", hash = "sha256:e2613fcc5dbb3e7d91d8288ceb66c922fe859d140855f7a834ca028f0b78909b"},
    {file = "pygame_ce-2.3.2-pp39-pypy39_pp73-manylinux_2_17_x86_64.manylinux2014_x86_64.whl", hash = "sha256:afd0a44a00e934a0eac47bc58b4d47462dc294bb6bc4a82c418b8cf82b9fc55d"},
    {file = "pygame_ce-2.3.2-pp39-pypy39_pp73-win_amd64.whl", hash = "sha256:f24287a8412fde87e52787adb2ea6c14d24a4648d06a32851ef88b84e36ec339"},
]

[metadata]
lock-version = "2.0"
python-versions = "^3.11"
content-hash = "750a03e329f43e552798e8fe6759dad95c10fbcecb6f775c93e244160ede91a9"
